
Microsoft Visual Studio Solution File, Format Version 12.00
# Visual Studio 15
VisualStudioVersion = 15.0.26730.15
MinimumVisualStudioVersion = 10.0.40219.1
Project("{FAE04EC0-301F-11D3-BF4B-00C04F79EFBC}") = "Sandbox", "Sandbox\Sandbox.csproj", "{0490B472-E220-4ED7-BA73-36974A9E66E3}"
EndProject
Global
	GlobalSection(SolutionConfigurationPlatforms) = preSolution
		Debug|Any CPU = Debug|Any CPU
		Release|Any CPU = Release|Any CPU
	EndGlobalSection
	GlobalSection(ProjectConfigurationPlatforms) = postSolution
		{0490B472-E220-4ED7-BA73-36974A9E66E3}.Debug|Any CPU.ActiveCfg = Debug|Any CPU
		{0490B472-E220-4ED7-BA73-36974A9E66E3}.Debug|Any CPU.Build.0 = Debug|Any CPU
		{0490B472-E220-4ED7-BA73-36974A9E66E3}.Release|Any CPU.ActiveCfg = Release|Any CPU
		{0490B472-E220-4ED7-BA73-36974A9E66E3}.Release|Any CPU.Build.0 = Release|Any CPU
	EndGlobalSection
	GlobalSection(SolutionProperties) = preSolution
		HideSolutionNode = FALSE
	EndGlobalSection
	GlobalSection(ExtensibilityGlobals) = postSolution
		SolutionGuid = {86983BF8-99B5-422C-9C4F-E8A150CACDD8}
	EndGlobalSection
EndGlobal
